
Microsoft Visual Studio Solution File, Format Version 11.00
# Visual Studio 2010
Project("{8BC9CEB8-8B4A-11D0-8D11-00A0C91BC942}") = "libcircle", "lib\libcircle.vcxproj", "{C74F1928-A471-467A-9F88-AA3B6FFC3A71}"
EndProject
Project("{8BC9CEB8-8B4A-11D0-8D11-00A0C91BC942}") = "axis", "cnc\axis\axis.vcxproj", "{71C80C25-7F2B-47A5-A11F-D82F56B3E268}"
EndProject
Project("{2150E333-8FDC-42A3-9474-1A3956D46DE8}") = "Solution Items", "Solution Items", "{C9C6F55B-E434-4D27-ADCB-2B04F1F19659}"
	ProjectSection(SolutionItems) = preProject
		Config.mk = Config.mk
		Rules.mk = Rules.mk
	EndProjectSection
EndProject
Project("{2150E333-8FDC-42A3-9474-1A3956D46DE8}") = "Sample", "Sample", "{C8E5A563-C88D-4F75-955D-B66C290B62E6}"
	ProjectSection(SolutionItems) = preProject
		sample\Rules.mk = sample\Rules.mk
	EndProjectSection
EndProject
Project("{2150E333-8FDC-42A3-9474-1A3956D46DE8}") = "lib", "lib", "{346FCCFF-86FB-4152-B8F8-BA258E0EC4B6}"
EndProject
Project("{2150E333-8FDC-42A3-9474-1A3956D46DE8}") = "fs", "fs", "{336C7142-E42E-4243-8682-2FA3303E970B}"
EndProject
Project("{2150E333-8FDC-42A3-9474-1A3956D46DE8}") = "fat", "fat", "{65C1C495-900E-448B-A052-8350ECB3AA7D}"
EndProject
Project("{2150E333-8FDC-42A3-9474-1A3956D46DE8}") = "input", "input", "{3B7FC386-26EC-49A5-BF5A-50FF0338C2DA}"
EndProject
Project("{2150E333-8FDC-42A3-9474-1A3956D46DE8}") = "net", "net", "{6BD56EFA-BFAD-40E1-86C9-0361DC3B98A0}"
EndProject
Project("{2150E333-8FDC-42A3-9474-1A3956D46DE8}") = "usb", "usb", "{159E95E8-914F-40DB-BD17-24FCA91DD148}"
EndProject
Project("{2150E333-8FDC-42A3-9474-1A3956D46DE8}") = "01-gpiosimple", "01-gpiosimple", "{9B6B5745-B86C-4791-B05B-E26C108A41FD}"
EndProject
Project("{8BC9CEB8-8B4A-11D0-8D11-00A0C91BC942}") = "01-gpiosimple", "sample\01-gpiosimple\01-gpiosimple.vcxproj", "{2D6FB99B-8683-4927-8F04-9748E10CD6D5}"
EndProject
Project("{2150E333-8FDC-42A3-9474-1A3956D46DE8}") = "02-screenpixel", "02-screenpixel", "{329EA54C-B465-458D-AAC0-F66BC858F38C}"
EndProject
Project("{8BC9CEB8-8B4A-11D0-8D11-00A0C91BC942}") = "02-screenpixel", "sample\02-screenpixel\02-screenpixel.vcxproj", "{B1F76F9D-7E1C-47AA-8CBC-7989C720D1A8}"
EndProject
Project("{2150E333-8FDC-42A3-9474-1A3956D46DE8}") = "03-screentext", "03-screentext", "{07194AEC-2D66-4F9F-8716-8B528DC9FF2E}"
EndProject
Project("{8BC9CEB8-8B4A-11D0-8D11-00A0C91BC942}") = "03-screentext", "sample\03-screentext\03-screentext.vcxproj", "{A9AB92C3-8618-4923-845C-7394E33EC9A3}"
EndProject
Project("{2150E333-8FDC-42A3-9474-1A3956D46DE8}") = "04-timer", "04-timer", "{4FFD2E9B-D9DC-4878-98BE-03CFEFEFF06D}"
EndProject
Project("{8BC9CEB8-8B4A-11D0-8D11-00A0C91BC942}") = "04-timer", "sample\04-timer\04-timer.vcxproj", "{6FCF61E5-F4F0-4397-8E66-8E724D506866}"
EndProject
Project("{2150E333-8FDC-42A3-9474-1A3956D46DE8}") = "05-usbsimple", "05-usbsimple", "{D375D1C2-372D-4834-BF39-9C07F935ACA4}"
EndProject
Project("{8BC9CEB8-8B4A-11D0-8D11-00A0C91BC942}") = "05-usbsimple", "sample\05-usbsimple\05-usbsimple.vcxproj", "{2CEFD197-3C82-4CF3-800D-7C6A937E5BA9}"
EndProject
Project("{2150E333-8FDC-42A3-9474-1A3956D46DE8}") = "06-usbethernet", "06-usbethernet", "{CD03C382-3F87-4097-AC4E-B58A8F70B5F2}"
EndProject
Project("{8BC9CEB8-8B4A-11D0-8D11-00A0C91BC942}") = "06-usbethernet", "sample\06-usbethernet\06-usbethernet.vcxproj", "{955FED83-1899-4618-97EA-6CFFC7316B3C}"
EndProject
Project("{2150E333-8FDC-42A3-9474-1A3956D46DE8}") = "07-usbstorage", "07-usbstorage", "{F9BD6FB9-164E-429B-94B8-9AA512D3308C}"
EndProject
Project("{8BC9CEB8-8B4A-11D0-8D11-00A0C91BC942}") = "07-usbstorage", "sample\07-usbstorage\07-usbstorage.vcxproj", "{A70BEBC6-4711-4A9B-A5A3-361C4780871D}"
EndProject
Project("{2150E333-8FDC-42A3-9474-1A3956D46DE8}") = "08-usbkeyboard", "08-usbkeyboard", "{A62583B3-82DC-4088-A343-C4F1E8AAE8A5}"
EndProject
Project("{8BC9CEB8-8B4A-11D0-8D11-00A0C91BC942}") = "08-usbkeyboard", "sample\08-usbkeyboard\08-usbkeyboard.vcxproj", "{5C746D91-6C49-4275-B48D-0E43F4FCB529}"
EndProject
Project("{2150E333-8FDC-42A3-9474-1A3956D46DE8}") = "09-softserial", "09-softserial", "{7D62FC46-3156-4798-AD89-66B4642415FF}"
EndProject
Project("{8BC9CEB8-8B4A-11D0-8D11-00A0C91BC942}") = "09-softserial", "sample\09-softserial\09-softserial.vcxproj", "{51572DBF-17DC-4785-8167-77CE5D2A3090}"
EndProject
Project("{2150E333-8FDC-42A3-9474-1A3956D46DE8}") = "10-usbmouse", "10-usbmouse", "{8B97B79F-3734-42EE-BFF7-CCC4D70FDC5F}"
EndProject
Project("{8BC9CEB8-8B4A-11D0-8D11-00A0C91BC942}") = "10-usbmouse", "sample\10-usbmouse\10-usbmouse.vcxproj", "{01045A31-3861-4649-A19E-ECA6EF90F113}"
EndProject
Project("{2150E333-8FDC-42A3-9474-1A3956D46DE8}") = "11-gpioclock", "11-gpioclock", "{29A96E75-176A-4B47-B6E3-EC67D91052AB}"
EndProject
Project("{8BC9CEB8-8B4A-11D0-8D11-00A0C91BC942}") = "11-gpioclock", "sample\11-gpioclock\11-gpioclock.vcxproj", "{39A6D3CB-9169-42CD-867D-CDF62B8FB7E2}"
EndProject
Project("{2150E333-8FDC-42A3-9474-1A3956D46DE8}") = "12-pwmsound", "12-pwmsound", "{05334EBC-37D0-4D79-8789-6D50BC4E4B37}"
EndProject
Project("{8BC9CEB8-8B4A-11D0-8D11-00A0C91BC942}") = "12-pwmsound", "sample\12-pwmsound\12-pwmsound.vcxproj", "{BFF22E88-7389-41FA-BB25-ECEE9ADD4B1E}"
EndProject
Project("{2150E333-8FDC-42A3-9474-1A3956D46DE8}") = "13-pwmoutput", "13-pwmoutput", "{CF22E462-B828-4384-8B0B-DFD3DA1A8650}"
EndProject
Project("{8BC9CEB8-8B4A-11D0-8D11-00A0C91BC942}") = "13-pwmoutput", "sample\13-pwmoutput\13-pwmoutput.vcxproj", "{BBA4B84E-E0AB-4051-AEE4-5B59726C7A5E}"
EndProject
Project("{2150E333-8FDC-42A3-9474-1A3956D46DE8}") = "14-usbprinter", "14-usbprinter", "{D0D75814-22C8-44B4-ACC4-ACD1EEA85C0E}"
EndProject
Project("{8BC9CEB8-8B4A-11D0-8D11-00A0C91BC942}") = "14-usbprinter", "sample\14-usbprinter\14-usbprinter.vcxproj", "{42461A55-E348-4BA0-888E-67256B62054E}"
EndProject
Project("{2150E333-8FDC-42A3-9474-1A3956D46DE8}") = "15-files", "15-files", "{DD9E4278-ECCA-46AC-87A0-95B7F31196E9}"
EndProject
Project("{8BC9CEB8-8B4A-11D0-8D11-00A0C91BC942}") = "15-files", "sample\15-files\15-files.vcxproj", "{DC98BE7D-CD58-466A-B8C1-941D7A974002}"
EndProject
Project("{2150E333-8FDC-42A3-9474-1A3956D46DE8}") = "16-i2cping", "16-i2cping", "{49463753-B00F-4027-95E3-2A5F7BB8F943}"
	ProjectSection(SolutionItems) = preProject
		sample\16-i2cping\Makefile = sample\16-i2cping\Makefile
		sample\16-i2cping\README = sample\16-i2cping\README
	EndProjectSection
EndProject
Project("{8BC9CEB8-8B4A-11D0-8D11-00A0C91BC942}") = "master", "sample\16-i2cping\master\master.vcxproj", "{1BF60C5E-FAE7-4D7C-A792-D4DA63C35F75}"
EndProject
Project("{8BC9CEB8-8B4A-11D0-8D11-00A0C91BC942}") = "slave", "sample\16-i2cping\slave\slave.vcxproj", "{6546C043-8112-4A09-9392-C925A629A53B}"
EndProject
Project("{2150E333-8FDC-42A3-9474-1A3956D46DE8}") = "17-fractal", "17-fractal", "{04F4B327-8869-4918-8858-26D924D9362F}"
EndProject
Project("{8BC9CEB8-8B4A-11D0-8D11-00A0C91BC942}") = "17-fractal", "sample\17-fractal\17-fractal.vcxproj", "{30E56065-59F6-4D0A-AB5C-EB26C0E75C2E}"
EndProject
Project("{2150E333-8FDC-42A3-9474-1A3956D46DE8}") = "18-ntptime", "18-ntptime", "{B521A6EA-C231-4911-9658-B2F2BB6A68D6}"
EndProject
Project("{8BC9CEB8-8B4A-11D0-8D11-00A0C91BC942}") = "18-ntptime", "sample\18-ntptime\18-ntptime.vcxproj", "{5A2794A7-A2F7-4929-B62D-5B3DD2762886}"
EndProject
Project("{8BC9CEB8-8B4A-11D0-8D11-00A0C91BC942}") = "libusb", "lib\usb\libusb.vcxproj", "{FBD6F5CC-AE16-4D2A-8B55-842FDE3A4FC1}"
EndProject
Project("{8BC9CEB8-8B4A-11D0-8D11-00A0C91BC942}") = "libnet", "lib\net\libnet.vcxproj", "{826B4A91-1B83-4988-8867-76E1585E1EFC}"
EndProject
Project("{8BC9CEB8-8B4A-11D0-8D11-00A0C91BC942}") = "libinput", "lib\input\libinput.vcxproj", "{CAB1834D-A95E-43BA-B746-37DEFD39008A}"
EndProject
Project("{8BC9CEB8-8B4A-11D0-8D11-00A0C91BC942}") = "libfs", "lib\fs\libfs.vcxproj", "{DBC7AFF2-8AF1-4C52-B0C0-BF1F0353FFAE}"
EndProject
Project("{8BC9CEB8-8B4A-11D0-8D11-00A0C91BC942}") = "libfatfs", "lib\fs\fat\libfatfs.vcxproj", "{185EB798-BE62-4D92-9E84-A81C59838339}"
EndProject
Project("{2150E333-8FDC-42A3-9474-1A3956D46DE8}") = "cnc", "cnc", "{A5818EBB-A2D2-4095-B9C8-889AA02BAF58}"
	ProjectSection(SolutionItems) = preProject
		cnc\Rules.mk = cnc\Rules.mk
	EndProjectSection
EndProject
Global
	GlobalSection(SolutionConfigurationPlatforms) = preSolution
		Debug|Win32 = Debug|Win32
		Release|Win32 = Release|Win32
	EndGlobalSection
	GlobalSection(ProjectConfigurationPlatforms) = postSolution
		{C74F1928-A471-467A-9F88-AA3B6FFC3A71}.Debug|Win32.ActiveCfg = Debug|Win32
		{C74F1928-A471-467A-9F88-AA3B6FFC3A71}.Debug|Win32.Build.0 = Debug|Win32
		{C74F1928-A471-467A-9F88-AA3B6FFC3A71}.Release|Win32.ActiveCfg = Release|Win32
		{C74F1928-A471-467A-9F88-AA3B6FFC3A71}.Release|Win32.Build.0 = Release|Win32
		{71C80C25-7F2B-47A5-A11F-D82F56B3E268}.Debug|Win32.ActiveCfg = Debug|Win32
		{71C80C25-7F2B-47A5-A11F-D82F56B3E268}.Debug|Win32.Build.0 = Debug|Win32
		{71C80C25-7F2B-47A5-A11F-D82F56B3E268}.Release|Win32.ActiveCfg = Release|Win32
		{71C80C25-7F2B-47A5-A11F-D82F56B3E268}.Release|Win32.Build.0 = Release|Win32
		{2D6FB99B-8683-4927-8F04-9748E10CD6D5}.Debug|Win32.ActiveCfg = Debug|Win32
		{2D6FB99B-8683-4927-8F04-9748E10CD6D5}.Debug|Win32.Build.0 = Debug|Win32
		{2D6FB99B-8683-4927-8F04-9748E10CD6D5}.Release|Win32.ActiveCfg = Release|Win32
		{2D6FB99B-8683-4927-8F04-9748E10CD6D5}.Release|Win32.Build.0 = Release|Win32
		{B1F76F9D-7E1C-47AA-8CBC-7989C720D1A8}.Debug|Win32.ActiveCfg = Debug|Win32
		{B1F76F9D-7E1C-47AA-8CBC-7989C720D1A8}.Debug|Win32.Build.0 = Debug|Win32
		{B1F76F9D-7E1C-47AA-8CBC-7989C720D1A8}.Release|Win32.ActiveCfg = Release|Win32
		{B1F76F9D-7E1C-47AA-8CBC-7989C720D1A8}.Release|Win32.Build.0 = Release|Win32
		{A9AB92C3-8618-4923-845C-7394E33EC9A3}.Debug|Win32.ActiveCfg = Debug|Win32
		{A9AB92C3-8618-4923-845C-7394E33EC9A3}.Debug|Win32.Build.0 = Debug|Win32
		{A9AB92C3-8618-4923-845C-7394E33EC9A3}.Release|Win32.ActiveCfg = Release|Win32
		{A9AB92C3-8618-4923-845C-7394E33EC9A3}.Release|Win32.Build.0 = Release|Win32
		{6FCF61E5-F4F0-4397-8E66-8E724D506866}.Debug|Win32.ActiveCfg = Debug|Win32
		{6FCF61E5-F4F0-4397-8E66-8E724D506866}.Debug|Win32.Build.0 = Debug|Win32
		{6FCF61E5-F4F0-4397-8E66-8E724D506866}.Release|Win32.ActiveCfg = Release|Win32
		{6FCF61E5-F4F0-4397-8E66-8E724D506866}.Release|Win32.Build.0 = Release|Win32
		{2CEFD197-3C82-4CF3-800D-7C6A937E5BA9}.Debug|Win32.ActiveCfg = Debug|Win32
		{2CEFD197-3C82-4CF3-800D-7C6A937E5BA9}.Debug|Win32.Build.0 = Debug|Win32
		{2CEFD197-3C82-4CF3-800D-7C6A937E5BA9}.Release|Win32.ActiveCfg = Release|Win32
		{2CEFD197-3C82-4CF3-800D-7C6A937E5BA9}.Release|Win32.Build.0 = Release|Win32
		{955FED83-1899-4618-97EA-6CFFC7316B3C}.Debug|Win32.ActiveCfg = Debug|Win32
		{955FED83-1899-4618-97EA-6CFFC7316B3C}.Debug|Win32.Build.0 = Debug|Win32
		{955FED83-1899-4618-97EA-6CFFC7316B3C}.Release|Win32.ActiveCfg = Release|Win32
		{955FED83-1899-4618-97EA-6CFFC7316B3C}.Release|Win32.Build.0 = Release|Win32
		{A70BEBC6-4711-4A9B-A5A3-361C4780871D}.Debug|Win32.ActiveCfg = Debug|Win32
		{A70BEBC6-4711-4A9B-A5A3-361C4780871D}.Debug|Win32.Build.0 = Debug|Win32
		{A70BEBC6-4711-4A9B-A5A3-361C4780871D}.Release|Win32.ActiveCfg = Release|Win32
		{A70BEBC6-4711-4A9B-A5A3-361C4780871D}.Release|Win32.Build.0 = Release|Win32
		{5C746D91-6C49-4275-B48D-0E43F4FCB529}.Debug|Win32.ActiveCfg = Debug|Win32
		{5C746D91-6C49-4275-B48D-0E43F4FCB529}.Debug|Win32.Build.0 = Debug|Win32
		{5C746D91-6C49-4275-B48D-0E43F4FCB529}.Release|Win32.ActiveCfg = Release|Win32
		{5C746D91-6C49-4275-B48D-0E43F4FCB529}.Release|Win32.Build.0 = Release|Win32
		{51572DBF-17DC-4785-8167-77CE5D2A3090}.Debug|Win32.ActiveCfg = Debug|Win32
		{51572DBF-17DC-4785-8167-77CE5D2A3090}.Debug|Win32.Build.0 = Debug|Win32
		{51572DBF-17DC-4785-8167-77CE5D2A3090}.Release|Win32.ActiveCfg = Release|Win32
		{51572DBF-17DC-4785-8167-77CE5D2A3090}.Release|Win32.Build.0 = Release|Win32
		{01045A31-3861-4649-A19E-ECA6EF90F113}.Debug|Win32.ActiveCfg = Debug|Win32
		{01045A31-3861-4649-A19E-ECA6EF90F113}.Debug|Win32.Build.0 = Debug|Win32
		{01045A31-3861-4649-A19E-ECA6EF90F113}.Release|Win32.ActiveCfg = Release|Win32
		{01045A31-3861-4649-A19E-ECA6EF90F113}.Release|Win32.Build.0 = Release|Win32
		{39A6D3CB-9169-42CD-867D-CDF62B8FB7E2}.Debug|Win32.ActiveCfg = Debug|Win32
		{39A6D3CB-9169-42CD-867D-CDF62B8FB7E2}.Debug|Win32.Build.0 = Debug|Win32
		{39A6D3CB-9169-42CD-867D-CDF62B8FB7E2}.Release|Win32.ActiveCfg = Release|Win32
		{39A6D3CB-9169-42CD-867D-CDF62B8FB7E2}.Release|Win32.Build.0 = Release|Win32
		{BFF22E88-7389-41FA-BB25-ECEE9ADD4B1E}.Debug|Win32.ActiveCfg = Debug|Win32
		{BFF22E88-7389-41FA-BB25-ECEE9ADD4B1E}.Debug|Win32.Build.0 = Debug|Win32
		{BFF22E88-7389-41FA-BB25-ECEE9ADD4B1E}.Release|Win32.ActiveCfg = Release|Win32
		{BFF22E88-7389-41FA-BB25-ECEE9ADD4B1E}.Release|Win32.Build.0 = Release|Win32
		{BBA4B84E-E0AB-4051-AEE4-5B59726C7A5E}.Debug|Win32.ActiveCfg = Debug|Win32
		{BBA4B84E-E0AB-4051-AEE4-5B59726C7A5E}.Debug|Win32.Build.0 = Debug|Win32
		{BBA4B84E-E0AB-4051-AEE4-5B59726C7A5E}.Release|Win32.ActiveCfg = Release|Win32
		{BBA4B84E-E0AB-4051-AEE4-5B59726C7A5E}.Release|Win32.Build.0 = Release|Win32
		{42461A55-E348-4BA0-888E-67256B62054E}.Debug|Win32.ActiveCfg = Debug|Win32
		{42461A55-E348-4BA0-888E-67256B62054E}.Debug|Win32.Build.0 = Debug|Win32
		{42461A55-E348-4BA0-888E-67256B62054E}.Release|Win32.ActiveCfg = Release|Win32
		{42461A55-E348-4BA0-888E-67256B62054E}.Release|Win32.Build.0 = Release|Win32
		{DC98BE7D-CD58-466A-B8C1-941D7A974002}.Debug|Win32.ActiveCfg = Debug|Win32
		{DC98BE7D-CD58-466A-B8C1-941D7A974002}.Debug|Win32.Build.0 = Debug|Win32
		{DC98BE7D-CD58-466A-B8C1-941D7A974002}.Release|Win32.ActiveCfg = Release|Win32
		{DC98BE7D-CD58-466A-B8C1-941D7A974002}.Release|Win32.Build.0 = Release|Win32
		{1BF60C5E-FAE7-4D7C-A792-D4DA63C35F75}.Debug|Win32.ActiveCfg = Debug|Win32
		{1BF60C5E-FAE7-4D7C-A792-D4DA63C35F75}.Debug|Win32.Build.0 = Debug|Win32
		{1BF60C5E-FAE7-4D7C-A792-D4DA63C35F75}.Release|Win32.ActiveCfg = Release|Win32
		{1BF60C5E-FAE7-4D7C-A792-D4DA63C35F75}.Release|Win32.Build.0 = Release|Win32
		{6546C043-8112-4A09-9392-C925A629A53B}.Debug|Win32.ActiveCfg = Debug|Win32
		{6546C043-8112-4A09-9392-C925A629A53B}.Debug|Win32.Build.0 = Debug|Win32
		{6546C043-8112-4A09-9392-C925A629A53B}.Release|Win32.ActiveCfg = Release|Win32
		{6546C043-8112-4A09-9392-C925A629A53B}.Release|Win32.Build.0 = Release|Win32
		{30E56065-59F6-4D0A-AB5C-EB26C0E75C2E}.Debug|Win32.ActiveCfg = Debug|Win32
		{30E56065-59F6-4D0A-AB5C-EB26C0E75C2E}.Debug|Win32.Build.0 = Debug|Win32
		{30E56065-59F6-4D0A-AB5C-EB26C0E75C2E}.Release|Win32.ActiveCfg = Release|Win32
		{30E56065-59F6-4D0A-AB5C-EB26C0E75C2E}.Release|Win32.Build.0 = Release|Win32
		{5A2794A7-A2F7-4929-B62D-5B3DD2762886}.Debug|Win32.ActiveCfg = Debug|Win32
		{5A2794A7-A2F7-4929-B62D-5B3DD2762886}.Debug|Win32.Build.0 = Debug|Win32
		{5A2794A7-A2F7-4929-B62D-5B3DD2762886}.Release|Win32.ActiveCfg = Release|Win32
		{5A2794A7-A2F7-4929-B62D-5B3DD2762886}.Release|Win32.Build.0 = Release|Win32
		{FBD6F5CC-AE16-4D2A-8B55-842FDE3A4FC1}.Debug|Win32.ActiveCfg = Debug|Win32
		{FBD6F5CC-AE16-4D2A-8B55-842FDE3A4FC1}.Debug|Win32.Build.0 = Debug|Win32
		{FBD6F5CC-AE16-4D2A-8B55-842FDE3A4FC1}.Release|Win32.ActiveCfg = Release|Win32
		{FBD6F5CC-AE16-4D2A-8B55-842FDE3A4FC1}.Release|Win32.Build.0 = Release|Win32
		{826B4A91-1B83-4988-8867-76E1585E1EFC}.Debug|Win32.ActiveCfg = Debug|Win32
		{826B4A91-1B83-4988-8867-76E1585E1EFC}.Debug|Win32.Build.0 = Debug|Win32
		{826B4A91-1B83-4988-8867-76E1585E1EFC}.Release|Win32.ActiveCfg = Release|Win32
		{826B4A91-1B83-4988-8867-76E1585E1EFC}.Release|Win32.Build.0 = Release|Win32
		{CAB1834D-A95E-43BA-B746-37DEFD39008A}.Debug|Win32.ActiveCfg = Debug|Win32
		{CAB1834D-A95E-43BA-B746-37DEFD39008A}.Debug|Win32.Build.0 = Debug|Win32
		{CAB1834D-A95E-43BA-B746-37DEFD39008A}.Release|Win32.ActiveCfg = Release|Win32
		{CAB1834D-A95E-43BA-B746-37DEFD39008A}.Release|Win32.Build.0 = Release|Win32
		{DBC7AFF2-8AF1-4C52-B0C0-BF1F0353FFAE}.Debug|Win32.ActiveCfg = Debug|Win32
		{DBC7AFF2-8AF1-4C52-B0C0-BF1F0353FFAE}.Debug|Win32.Build.0 = Debug|Win32
		{DBC7AFF2-8AF1-4C52-B0C0-BF1F0353FFAE}.Release|Win32.ActiveCfg = Release|Win32
		{DBC7AFF2-8AF1-4C52-B0C0-BF1F0353FFAE}.Release|Win32.Build.0 = Release|Win32
		{185EB798-BE62-4D92-9E84-A81C59838339}.Debug|Win32.ActiveCfg = Debug|Win32
		{185EB798-BE62-4D92-9E84-A81C59838339}.Debug|Win32.Build.0 = Debug|Win32
		{185EB798-BE62-4D92-9E84-A81C59838339}.Release|Win32.ActiveCfg = Release|Win32
		{185EB798-BE62-4D92-9E84-A81C59838339}.Release|Win32.Build.0 = Release|Win32
	EndGlobalSection
	GlobalSection(SolutionProperties) = preSolution
		HideSolutionNode = FALSE
	EndGlobalSection
	GlobalSection(NestedProjects) = preSolution
		{C74F1928-A471-467A-9F88-AA3B6FFC3A71} = {346FCCFF-86FB-4152-B8F8-BA258E0EC4B6}
		{336C7142-E42E-4243-8682-2FA3303E970B} = {346FCCFF-86FB-4152-B8F8-BA258E0EC4B6}
		{3B7FC386-26EC-49A5-BF5A-50FF0338C2DA} = {346FCCFF-86FB-4152-B8F8-BA258E0EC4B6}
		{6BD56EFA-BFAD-40E1-86C9-0361DC3B98A0} = {346FCCFF-86FB-4152-B8F8-BA258E0EC4B6}
		{159E95E8-914F-40DB-BD17-24FCA91DD148} = {346FCCFF-86FB-4152-B8F8-BA258E0EC4B6}
		{9B6B5745-B86C-4791-B05B-E26C108A41FD} = {C8E5A563-C88D-4F75-955D-B66C290B62E6}
		{329EA54C-B465-458D-AAC0-F66BC858F38C} = {C8E5A563-C88D-4F75-955D-B66C290B62E6}
		{07194AEC-2D66-4F9F-8716-8B528DC9FF2E} = {C8E5A563-C88D-4F75-955D-B66C290B62E6}
		{4FFD2E9B-D9DC-4878-98BE-03CFEFEFF06D} = {C8E5A563-C88D-4F75-955D-B66C290B62E6}
		{D375D1C2-372D-4834-BF39-9C07F935ACA4} = {C8E5A563-C88D-4F75-955D-B66C290B62E6}
		{CD03C382-3F87-4097-AC4E-B58A8F70B5F2} = {C8E5A563-C88D-4F75-955D-B66C290B62E6}
		{F9BD6FB9-164E-429B-94B8-9AA512D3308C} = {C8E5A563-C88D-4F75-955D-B66C290B62E6}
		{A62583B3-82DC-4088-A343-C4F1E8AAE8A5} = {C8E5A563-C88D-4F75-955D-B66C290B62E6}
		{7D62FC46-3156-4798-AD89-66B4642415FF} = {C8E5A563-C88D-4F75-955D-B66C290B62E6}
		{8B97B79F-3734-42EE-BFF7-CCC4D70FDC5F} = {C8E5A563-C88D-4F75-955D-B66C290B62E6}
		{29A96E75-176A-4B47-B6E3-EC67D91052AB} = {C8E5A563-C88D-4F75-955D-B66C290B62E6}
		{05334EBC-37D0-4D79-8789-6D50BC4E4B37} = {C8E5A563-C88D-4F75-955D-B66C290B62E6}
		{CF22E462-B828-4384-8B0B-DFD3DA1A8650} = {C8E5A563-C88D-4F75-955D-B66C290B62E6}
		{D0D75814-22C8-44B4-ACC4-ACD1EEA85C0E} = {C8E5A563-C88D-4F75-955D-B66C290B62E6}
		{DD9E4278-ECCA-46AC-87A0-95B7F31196E9} = {C8E5A563-C88D-4F75-955D-B66C290B62E6}
		{49463753-B00F-4027-95E3-2A5F7BB8F943} = {C8E5A563-C88D-4F75-955D-B66C290B62E6}
		{04F4B327-8869-4918-8858-26D924D9362F} = {C8E5A563-C88D-4F75-955D-B66C290B62E6}
		{B521A6EA-C231-4911-9658-B2F2BB6A68D6} = {C8E5A563-C88D-4F75-955D-B66C290B62E6}
		{65C1C495-900E-448B-A052-8350ECB3AA7D} = {336C7142-E42E-4243-8682-2FA3303E970B}
		{DBC7AFF2-8AF1-4C52-B0C0-BF1F0353FFAE} = {336C7142-E42E-4243-8682-2FA3303E970B}
		{185EB798-BE62-4D92-9E84-A81C59838339} = {65C1C495-900E-448B-A052-8350ECB3AA7D}
		{CAB1834D-A95E-43BA-B746-37DEFD39008A} = {3B7FC386-26EC-49A5-BF5A-50FF0338C2DA}
		{826B4A91-1B83-4988-8867-76E1585E1EFC} = {6BD56EFA-BFAD-40E1-86C9-0361DC3B98A0}
		{FBD6F5CC-AE16-4D2A-8B55-842FDE3A4FC1} = {159E95E8-914F-40DB-BD17-24FCA91DD148}
		{2D6FB99B-8683-4927-8F04-9748E10CD6D5} = {9B6B5745-B86C-4791-B05B-E26C108A41FD}
		{B1F76F9D-7E1C-47AA-8CBC-7989C720D1A8} = {329EA54C-B465-458D-AAC0-F66BC858F38C}
		{A9AB92C3-8618-4923-845C-7394E33EC9A3} = {07194AEC-2D66-4F9F-8716-8B528DC9FF2E}
		{6FCF61E5-F4F0-4397-8E66-8E724D506866} = {4FFD2E9B-D9DC-4878-98BE-03CFEFEFF06D}
		{2CEFD197-3C82-4CF3-800D-7C6A937E5BA9} = {D375D1C2-372D-4834-BF39-9C07F935ACA4}
		{955FED83-1899-4618-97EA-6CFFC7316B3C} = {CD03C382-3F87-4097-AC4E-B58A8F70B5F2}
		{A70BEBC6-4711-4A9B-A5A3-361C4780871D} = {F9BD6FB9-164E-429B-94B8-9AA512D3308C}
		{5C746D91-6C49-4275-B48D-0E43F4FCB529} = {A62583B3-82DC-4088-A343-C4F1E8AAE8A5}
		{51572DBF-17DC-4785-8167-77CE5D2A3090} = {7D62FC46-3156-4798-AD89-66B4642415FF}
		{01045A31-3861-4649-A19E-ECA6EF90F113} = {8B97B79F-3734-42EE-BFF7-CCC4D70FDC5F}
		{39A6D3CB-9169-42CD-867D-CDF62B8FB7E2} = {29A96E75-176A-4B47-B6E3-EC67D91052AB}
		{BFF22E88-7389-41FA-BB25-ECEE9ADD4B1E} = {05334EBC-37D0-4D79-8789-6D50BC4E4B37}
		{BBA4B84E-E0AB-4051-AEE4-5B59726C7A5E} = {CF22E462-B828-4384-8B0B-DFD3DA1A8650}
		{42461A55-E348-4BA0-888E-67256B62054E} = {D0D75814-22C8-44B4-ACC4-ACD1EEA85C0E}
		{DC98BE7D-CD58-466A-B8C1-941D7A974002} = {DD9E4278-ECCA-46AC-87A0-95B7F31196E9}
		{1BF60C5E-FAE7-4D7C-A792-D4DA63C35F75} = {49463753-B00F-4027-95E3-2A5F7BB8F943}
		{6546C043-8112-4A09-9392-C925A629A53B} = {49463753-B00F-4027-95E3-2A5F7BB8F943}
		{30E56065-59F6-4D0A-AB5C-EB26C0E75C2E} = {04F4B327-8869-4918-8858-26D924D9362F}
		{5A2794A7-A2F7-4929-B62D-5B3DD2762886} = {B521A6EA-C231-4911-9658-B2F2BB6A68D6}
		{71C80C25-7F2B-47A5-A11F-D82F56B3E268} = {A5818EBB-A2D2-4095-B9C8-889AA02BAF58}
	EndGlobalSection
EndGlobal
