<?xml version="1.0" encoding="utf-8"?>
<Project ToolsVersion="4.0" xmlns="http://schemas.microsoft.com/developer/msbuild/2003">
  <ItemGroup>
    <Filter Include="Source Files">
      <UniqueIdentifier>{4FC737F1-C7A5-4376-A066-2A32D752A2FF}</UniqueIdentifier>
      <Extensions>cpp;c;cc;cxx;def;odl;idl;hpj;bat;asm;asmx</Extensions>
    </Filter>
    <Filter Include="Header Files">
      <UniqueIdentifier>{93995380-89BD-4b04-88EB-625FBE52EBFB}</UniqueIdentifier>
      <Extensions>h;hpp;hxx;hm;inl;inc;xsd</Extensions>
    </Filter>
    <Filter Include="Resource Files">
      <UniqueIdentifier>{67DA6AB6-F800-4c08-8B7A-83BB121AAD01}</UniqueIdentifier>
      <Extensions>rc;ico;cur;bmp;dlg;rc2;rct;bin;rgs;gif;jpg;jpeg;jpe;resx;tiff;tif;png;wav;mfcribbon-ms</Extensions>
    </Filter>
  </ItemGroup>
  <ItemGroup>
    <None Include="readme.txt" />
    <None Include="Makefile" />
  </ItemGroup>
  <ItemGroup>
    <ClCompile Include="dwhcidevice.cpp">
      <Filter>Source Files</Filter>
    </ClCompile>
    <ClCompile Include="dwhciframeschednper.cpp">
      <Filter>Source Files</Filter>
    </ClCompile>
    <ClCompile Include="dwhciframeschednsplit.cpp">
      <Filter>Source Files</Filter>
    </ClCompile>
    <ClCompile Include="dwhciframeschedper.cpp">
      <Filter>Source Files</Filter>
    </ClCompile>
    <ClCompile Include="dwhciregister.cpp">
      <Filter>Source Files</Filter>
    </ClCompile>
    <ClCompile Include="dwhcirootport.cpp">
      <Filter>Source Files</Filter>
    </ClCompile>
    <ClCompile Include="dwhcixferstagedata.cpp">
      <Filter>Source Files</Filter>
    </ClCompile>
    <ClCompile Include="macaddress.cpp">
      <Filter>Source Files</Filter>
    </ClCompile>
    <ClCompile Include="netdevice.cpp">
      <Filter>Source Files</Filter>
    </ClCompile>
    <ClCompile Include="smsc951x.cpp">
      <Filter>Source Files</Filter>
    </ClCompile>
    <ClCompile Include="usbconfigparser.cpp">
      <Filter>Source Files</Filter>
    </ClCompile>
    <ClCompile Include="usbdevice.cpp">
      <Filter>Source Files</Filter>
    </ClCompile>
    <ClCompile Include="usbdevicefactory.cpp">
      <Filter>Source Files</Filter>
    </ClCompile>
    <ClCompile Include="usbendpoint.cpp">
      <Filter>Source Files</Filter>
    </ClCompile>
    <ClCompile Include="usbfunction.cpp">
      <Filter>Source Files</Filter>
    </ClCompile>
    <ClCompile Include="usbhiddevice.cpp">
      <Filter>Source Files</Filter>
    </ClCompile>
    <ClCompile Include="usbhostcontroller.cpp">
      <Filter>Source Files</Filter>
    </ClCompile>
    <ClCompile Include="usbkeyboard.cpp">
      <Filter>Source Files</Filter>
    </ClCompile>
    <ClCompile Include="usbmassdevice.cpp">
      <Filter>Source Files</Filter>
    </ClCompile>
    <ClCompile Include="usbmouse.cpp">
      <Filter>Source Files</Filter>
    </ClCompile>
    <ClCompile Include="usbprinter.cpp">
      <Filter>Source Files</Filter>
    </ClCompile>
    <ClCompile Include="usbrequest.cpp">
      <Filter>Source Files</Filter>
    </ClCompile>
    <ClCompile Include="usbstandardhub.cpp">
      <Filter>Source Files</Filter>
    </ClCompile>
  </ItemGroup>
  <ItemGroup>
    <ClInclude Include="..\..\include\circle\usb\dwhci.h">
      <Filter>Header Files</Filter>
    </ClInclude>
    <ClInclude Include="..\..\include\circle\usb\dwhcidevice.h">
      <Filter>Header Files</Filter>
    </ClInclude>
    <ClInclude Include="..\..\include\circle\usb\dwhciframeschednper.h">
      <Filter>Header Files</Filter>
    </ClInclude>
    <ClInclude Include="..\..\include\circle\usb\dwhciframeschednsplit.h">
      <Filter>Header Files</Filter>
    </ClInclude>
    <ClInclude Include="..\..\include\circle\usb\dwhciframeschedper.h">
      <Filter>Header Files</Filter>
    </ClInclude>
    <ClInclude Include="..\..\include\circle\usb\dwhciframescheduler.h">
      <Filter>Header Files</Filter>
    </ClInclude>
    <ClInclude Include="..\..\include\circle\usb\dwhciregister.h">
      <Filter>Header Files</Filter>
    </ClInclude>
    <ClInclude Include="..\..\include\circle\usb\dwhcirootport.h">
      <Filter>Header Files</Filter>
    </ClInclude>
    <ClInclude Include="..\..\include\circle\usb\dwhcixferstagedata.h">
      <Filter>Header Files</Filter>
    </ClInclude>
    <ClInclude Include="..\..\include\circle\usb\macaddress.h">
      <Filter>Header Files</Filter>
    </ClInclude>
    <ClInclude Include="..\..\include\circle\usb\netdevice.h">
      <Filter>Header Files</Filter>
    </ClInclude>
    <ClInclude Include="..\..\include\circle\usb\smsc951x.h">
      <Filter>Header Files</Filter>
    </ClInclude>
    <ClInclude Include="..\..\include\circle\usb\usb.h">
      <Filter>Header Files</Filter>
    </ClInclude>
    <ClInclude Include="..\..\include\circle\usb\usbconfigparser.h">
      <Filter>Header Files</Filter>
    </ClInclude>
    <ClInclude Include="..\..\include\circle\usb\usbdevice.h">
      <Filter>Header Files</Filter>
    </ClInclude>
    <ClInclude Include="..\..\include\circle\usb\usbdevicefactory.h">
      <Filter>Header Files</Filter>
    </ClInclude>
    <ClInclude Include="..\..\include\circle\usb\usbendpoint.h">
      <Filter>Header Files</Filter>
    </ClInclude>
    <ClInclude Include="..\..\include\circle\usb\usbfunction.h">
      <Filter>Header Files</Filter>
    </ClInclude>
    <ClInclude Include="..\..\include\circle\usb\usbhid.h">
      <Filter>Header Files</Filter>
    </ClInclude>
    <ClInclude Include="..\..\include\circle\usb\usbhiddevice.h">
      <Filter>Header Files</Filter>
    </ClInclude>
    <ClInclude Include="..\..\include\circle\usb\usbhostcontroller.h">
      <Filter>Header Files</Filter>
    </ClInclude>
    <ClInclude Include="..\..\include\circle\usb\usbhub.h">
      <Filter>Header Files</Filter>
    </ClInclude>
    <ClInclude Include="..\..\include\circle\usb\usbkeyboard.h">
      <Filter>Header Files</Filter>
    </ClInclude>
    <ClInclude Include="..\..\include\circle\usb\usbmassdevice.h">
      <Filter>Header Files</Filter>
    </ClInclude>
    <ClInclude Include="..\..\include\circle\usb\usbmouse.h">
      <Filter>Header Files</Filter>
    </ClInclude>
    <ClInclude Include="..\..\include\circle\usb\usbprinter.h">
      <Filter>Header Files</Filter>
    </ClInclude>
    <ClInclude Include="..\..\include\circle\usb\usbrequest.h">
      <Filter>Header Files</Filter>
    </ClInclude>
    <ClInclude Include="..\..\include\circle\usb\usbstandardhub.h">
      <Filter>Header Files</Filter>
    </ClInclude>
  </ItemGroup>
</Project>