<?xml version="1.0" encoding="utf-8"?>
<Project ToolsVersion="4.0" xmlns="http://schemas.microsoft.com/developer/msbuild/2003">
  <ItemGroup>
    <Filter Include="Source Files">
      <UniqueIdentifier>{4FC737F1-C7A5-4376-A066-2A32D752A2FF}</UniqueIdentifier>
      <Extensions>cpp;c;cc;cxx;def;odl;idl;hpj;bat;asm;asmx</Extensions>
    </Filter>
    <Filter Include="Header Files">
      <UniqueIdentifier>{93995380-89BD-4b04-88EB-625FBE52EBFB}</UniqueIdentifier>
      <Extensions>h;hpp;hxx;hm;inl;inc;xsd</Extensions>
    </Filter>
    <Filter Include="Resource Files">
      <UniqueIdentifier>{67DA6AB6-F800-4c08-8B7A-83BB121AAD01}</UniqueIdentifier>
      <Extensions>rc;ico;cur;bmp;dlg;rc2;rct;bin;rgs;gif;jpg;jpeg;jpe;resx;tiff;tif;png;wav;mfcribbon-ms</Extensions>
    </Filter>
  </ItemGroup>
  <ItemGroup>
    <None Include="delayloop.S" />
    <None Include="exceptionstub.S" />
    <None Include="libstub.S" />
    <None Include="startup.S" />
    <None Include="util_fast.S" />
    <None Include="Makefile" />
  </ItemGroup>
  <ItemGroup>
    <ClInclude Include="font.h">
      <Filter>Header Files</Filter>
    </ClInclude>
    <ClInclude Include="..\include\assert.h">
      <Filter>Header Files</Filter>
    </ClInclude>
    <ClInclude Include="..\include\circle\actled.h">
      <Filter>Header Files</Filter>
    </ClInclude>
    <ClInclude Include="..\include\circle\alloc.h">
      <Filter>Header Files</Filter>
    </ClInclude>
    <ClInclude Include="..\include\circle\armv6mmu.h">
      <Filter>Header Files</Filter>
    </ClInclude>
    <ClInclude Include="..\include\circle\bcm2835.h">
      <Filter>Header Files</Filter>
    </ClInclude>
    <ClInclude Include="..\include\circle\bcm2835int.h">
      <Filter>Header Files</Filter>
    </ClInclude>
    <ClInclude Include="..\include\circle\bcm2836.h">
      <Filter>Header Files</Filter>
    </ClInclude>
    <ClInclude Include="..\include\circle\bcmframebuffer.h">
      <Filter>Header Files</Filter>
    </ClInclude>
    <ClInclude Include="..\include\circle\bcmmailbox.h">
      <Filter>Header Files</Filter>
    </ClInclude>
    <ClInclude Include="..\include\circle\bcmpropertytags.h">
      <Filter>Header Files</Filter>
    </ClInclude>
    <ClInclude Include="..\include\circle\chargenerator.h">
      <Filter>Header Files</Filter>
    </ClInclude>
    <ClInclude Include="..\include\circle\debug.h">
      <Filter>Header Files</Filter>
    </ClInclude>
    <ClInclude Include="..\include\circle\device.h">
      <Filter>Header Files</Filter>
    </ClInclude>
    <ClInclude Include="..\include\circle\devicenameservice.h">
      <Filter>Header Files</Filter>
    </ClInclude>
    <ClInclude Include="..\include\circle\dmachannel.h">
      <Filter>Header Files</Filter>
    </ClInclude>
    <ClInclude Include="..\include\circle\exception.h">
      <Filter>Header Files</Filter>
    </ClInclude>
    <ClInclude Include="..\include\circle\exceptionhandler.h">
      <Filter>Header Files</Filter>
    </ClInclude>
    <ClInclude Include="..\include\circle\exceptionstub.h">
      <Filter>Header Files</Filter>
    </ClInclude>
    <ClInclude Include="..\include\circle\gpioclock.h">
      <Filter>Header Files</Filter>
    </ClInclude>
    <ClInclude Include="..\include\circle\gpiomanager.h">
      <Filter>Header Files</Filter>
    </ClInclude>
    <ClInclude Include="..\include\circle\gpiopin.h">
      <Filter>Header Files</Filter>
    </ClInclude>
    <ClInclude Include="..\include\circle\i2cmaster.h">
      <Filter>Header Files</Filter>
    </ClInclude>
    <ClInclude Include="..\include\circle\i2cslave.h">
      <Filter>Header Files</Filter>
    </ClInclude>
    <ClInclude Include="..\include\circle\interrupt.h">
      <Filter>Header Files</Filter>
    </ClInclude>
    <ClInclude Include="..\include\circle\koptions.h">
      <Filter>Header Files</Filter>
    </ClInclude>
    <ClInclude Include="..\include\circle\logger.h">
      <Filter>Header Files</Filter>
    </ClInclude>
    <ClInclude Include="..\include\circle\macros.h">
      <Filter>Header Files</Filter>
    </ClInclude>
    <ClInclude Include="..\include\circle\memio.h">
      <Filter>Header Files</Filter>
    </ClInclude>
    <ClInclude Include="..\include\circle\memory.h">
      <Filter>Header Files</Filter>
    </ClInclude>
    <ClInclude Include="..\include\circle\multicore.h">
      <Filter>Header Files</Filter>
    </ClInclude>
    <ClInclude Include="..\include\circle\pagetable.h">
      <Filter>Header Files</Filter>
    </ClInclude>
    <ClInclude Include="..\include\circle\pwmoutput.h">
      <Filter>Header Files</Filter>
    </ClInclude>
    <ClInclude Include="..\include\circle\pwmsounddevice.h">
      <Filter>Header Files</Filter>
    </ClInclude>
    <ClInclude Include="..\include\circle\screen.h">
      <Filter>Header Files</Filter>
    </ClInclude>
    <ClInclude Include="..\include\circle\serial.h">
      <Filter>Header Files</Filter>
    </ClInclude>
    <ClInclude Include="..\include\circle\spinlock.h">
      <Filter>Header Files</Filter>
    </ClInclude>
    <ClInclude Include="..\include\circle\startup.h">
      <Filter>Header Files</Filter>
    </ClInclude>
    <ClInclude Include="..\include\circle\stdarg.h">
      <Filter>Header Files</Filter>
    </ClInclude>
    <ClInclude Include="..\include\circle\string.h">
      <Filter>Header Files</Filter>
    </ClInclude>
    <ClInclude Include="..\include\circle\synchronize.h">
      <Filter>Header Files</Filter>
    </ClInclude>
    <ClInclude Include="..\include\circle\sysconfig.h">
      <Filter>Header Files</Filter>
    </ClInclude>
    <ClInclude Include="..\include\circle\timer.h">
      <Filter>Header Files</Filter>
    </ClInclude>
    <ClInclude Include="..\include\circle\tracer.h">
      <Filter>Header Files</Filter>
    </ClInclude>
    <ClInclude Include="..\include\circle\types.h">
      <Filter>Header Files</Filter>
    </ClInclude>
    <ClInclude Include="..\include\circle\util.h">
      <Filter>Header Files</Filter>
    </ClInclude>
  </ItemGroup>
  <ItemGroup>
    <ClCompile Include="actled.cpp">
      <Filter>Source Files</Filter>
    </ClCompile>
    <ClCompile Include="alloc.cpp">
      <Filter>Source Files</Filter>
    </ClCompile>
    <ClCompile Include="assert.cpp">
      <Filter>Source Files</Filter>
    </ClCompile>
    <ClCompile Include="bcmframebuffer.cpp">
      <Filter>Source Files</Filter>
    </ClCompile>
    <ClCompile Include="bcmmailbox.cpp">
      <Filter>Source Files</Filter>
    </ClCompile>
    <ClCompile Include="bcmpropertytags.cpp">
      <Filter>Source Files</Filter>
    </ClCompile>
    <ClCompile Include="chargenerator.cpp">
      <Filter>Source Files</Filter>
    </ClCompile>
    <ClCompile Include="debug.cpp">
      <Filter>Source Files</Filter>
    </ClCompile>
    <ClCompile Include="device.cpp">
      <Filter>Source Files</Filter>
    </ClCompile>
    <ClCompile Include="devicenameservice.cpp">
      <Filter>Source Files</Filter>
    </ClCompile>
    <ClCompile Include="dmachannel.cpp">
      <Filter>Source Files</Filter>
    </ClCompile>
    <ClCompile Include="exceptionhandler.cpp">
      <Filter>Source Files</Filter>
    </ClCompile>
    <ClCompile Include="gpioclock.cpp">
      <Filter>Source Files</Filter>
    </ClCompile>
    <ClCompile Include="gpiomanager.cpp">
      <Filter>Source Files</Filter>
    </ClCompile>
    <ClCompile Include="gpiopin.cpp">
      <Filter>Source Files</Filter>
    </ClCompile>
    <ClCompile Include="i2cmaster.cpp">
      <Filter>Source Files</Filter>
    </ClCompile>
    <ClCompile Include="i2cslave.cpp">
      <Filter>Source Files</Filter>
    </ClCompile>
    <ClCompile Include="interrupt.cpp">
      <Filter>Source Files</Filter>
    </ClCompile>
    <ClCompile Include="koptions.cpp">
      <Filter>Source Files</Filter>
    </ClCompile>
    <ClCompile Include="libhelper.cpp">
      <Filter>Source Files</Filter>
    </ClCompile>
    <ClCompile Include="logger.cpp">
      <Filter>Source Files</Filter>
    </ClCompile>
    <ClCompile Include="memio.cpp">
      <Filter>Source Files</Filter>
    </ClCompile>
    <ClCompile Include="memory.cpp">
      <Filter>Source Files</Filter>
    </ClCompile>
    <ClCompile Include="multicore.cpp">
      <Filter>Source Files</Filter>
    </ClCompile>
    <ClCompile Include="new.cpp">
      <Filter>Source Files</Filter>
    </ClCompile>
    <ClCompile Include="pagetable.cpp">
      <Filter>Source Files</Filter>
    </ClCompile>
    <ClCompile Include="purecall.cpp">
      <Filter>Source Files</Filter>
    </ClCompile>
    <ClCompile Include="pwmoutput.cpp">
      <Filter>Source Files</Filter>
    </ClCompile>
    <ClCompile Include="pwmsounddevice.cpp">
      <Filter>Source Files</Filter>
    </ClCompile>
    <ClCompile Include="screen.cpp">
      <Filter>Source Files</Filter>
    </ClCompile>
    <ClCompile Include="serial.cpp">
      <Filter>Source Files</Filter>
    </ClCompile>
    <ClCompile Include="spinlock.cpp">
      <Filter>Source Files</Filter>
    </ClCompile>
    <ClCompile Include="string.cpp">
      <Filter>Source Files</Filter>
    </ClCompile>
    <ClCompile Include="synchronize.cpp">
      <Filter>Source Files</Filter>
    </ClCompile>
    <ClCompile Include="sysinit.cpp">
      <Filter>Source Files</Filter>
    </ClCompile>
    <ClCompile Include="timer.cpp">
      <Filter>Source Files</Filter>
    </ClCompile>
    <ClCompile Include="tracer.cpp">
      <Filter>Source Files</Filter>
    </ClCompile>
    <ClCompile Include="util.cpp">
      <Filter>Source Files</Filter>
    </ClCompile>
  </ItemGroup>
</Project>