<?xml version="1.0" encoding="utf-8"?>
<Project ToolsVersion="4.0" xmlns="http://schemas.microsoft.com/developer/msbuild/2003">
  <ItemGroup>
    <Filter Include="Source Files">
      <UniqueIdentifier>{4FC737F1-C7A5-4376-A066-2A32D752A2FF}</UniqueIdentifier>
      <Extensions>cpp;c;cc;cxx;def;odl;idl;hpj;bat;asm;asmx</Extensions>
    </Filter>
    <Filter Include="Header Files">
      <UniqueIdentifier>{93995380-89BD-4b04-88EB-625FBE52EBFB}</UniqueIdentifier>
      <Extensions>h;hpp;hxx;hm;inl;inc;xsd</Extensions>
    </Filter>
    <Filter Include="Resource Files">
      <UniqueIdentifier>{67DA6AB6-F800-4c08-8B7A-83BB121AAD01}</UniqueIdentifier>
      <Extensions>rc;ico;cur;bmp;dlg;rc2;rct;bin;rgs;gif;jpg;jpeg;jpe;resx;tiff;tif;png;wav;mfcribbon-ms</Extensions>
    </Filter>
  </ItemGroup>
  <ItemGroup>
    <None Include="readme.txt" />
    <None Include="Makefile" />
  </ItemGroup>
  <ItemGroup>
    <ClCompile Include="arphandler.cpp">
      <Filter>Source Files</Filter>
    </ClCompile>
    <ClCompile Include="checksumcalculator.cpp">
      <Filter>Source Files</Filter>
    </ClCompile>
    <ClCompile Include="dnsclient.cpp">
      <Filter>Source Files</Filter>
    </ClCompile>
    <ClCompile Include="icmphandler.cpp">
      <Filter>Source Files</Filter>
    </ClCompile>
    <ClCompile Include="ipaddress.cpp">
      <Filter>Source Files</Filter>
    </ClCompile>
    <ClCompile Include="linklayer.cpp">
      <Filter>Source Files</Filter>
    </ClCompile>
    <ClCompile Include="netconfig.cpp">
      <Filter>Source Files</Filter>
    </ClCompile>
    <ClCompile Include="netconnection.cpp">
      <Filter>Source Files</Filter>
    </ClCompile>
    <ClCompile Include="netdevlayer.cpp">
      <Filter>Source Files</Filter>
    </ClCompile>
    <ClCompile Include="netqueue.cpp">
      <Filter>Source Files</Filter>
    </ClCompile>
    <ClCompile Include="netsubsystem.cpp">
      <Filter>Source Files</Filter>
    </ClCompile>
    <ClCompile Include="networklayer.cpp">
      <Filter>Source Files</Filter>
    </ClCompile>
    <ClCompile Include="ntpclient.cpp">
      <Filter>Source Files</Filter>
    </ClCompile>
    <ClCompile Include="socket.cpp">
      <Filter>Source Files</Filter>
    </ClCompile>
    <ClCompile Include="transportlayer.cpp">
      <Filter>Source Files</Filter>
    </ClCompile>
    <ClCompile Include="udpconnection.cpp">
      <Filter>Source Files</Filter>
    </ClCompile>
  </ItemGroup>
  <ItemGroup>
    <ClInclude Include="..\..\include\circle\net\arphandler.h">
      <Filter>Header Files</Filter>
    </ClInclude>
    <ClInclude Include="..\..\include\circle\net\checksumcalculator.h">
      <Filter>Header Files</Filter>
    </ClInclude>
    <ClInclude Include="..\..\include\circle\net\dnsclient.h">
      <Filter>Header Files</Filter>
    </ClInclude>
    <ClInclude Include="..\..\include\circle\net\icmphandler.h">
      <Filter>Header Files</Filter>
    </ClInclude>
    <ClInclude Include="..\..\include\circle\net\in.h">
      <Filter>Header Files</Filter>
    </ClInclude>
    <ClInclude Include="..\..\include\circle\net\ipaddress.h">
      <Filter>Header Files</Filter>
    </ClInclude>
    <ClInclude Include="..\..\include\circle\net\linklayer.h">
      <Filter>Header Files</Filter>
    </ClInclude>
    <ClInclude Include="..\..\include\circle\net\netconfig.h">
      <Filter>Header Files</Filter>
    </ClInclude>
    <ClInclude Include="..\..\include\circle\net\netconnection.h">
      <Filter>Header Files</Filter>
    </ClInclude>
    <ClInclude Include="..\..\include\circle\net\netdevlayer.h">
      <Filter>Header Files</Filter>
    </ClInclude>
    <ClInclude Include="..\..\include\circle\net\netqueue.h">
      <Filter>Header Files</Filter>
    </ClInclude>
    <ClInclude Include="..\..\include\circle\net\netsubsystem.h">
      <Filter>Header Files</Filter>
    </ClInclude>
    <ClInclude Include="..\..\include\circle\net\networklayer.h">
      <Filter>Header Files</Filter>
    </ClInclude>
    <ClInclude Include="..\..\include\circle\net\ntpclient.h">
      <Filter>Header Files</Filter>
    </ClInclude>
    <ClInclude Include="..\..\include\circle\net\socket.h">
      <Filter>Header Files</Filter>
    </ClInclude>
    <ClInclude Include="..\..\include\circle\net\transportlayer.h">
      <Filter>Header Files</Filter>
    </ClInclude>
    <ClInclude Include="..\..\include\circle\net\udpconnection.h">
      <Filter>Header Files</Filter>
    </ClInclude>
  </ItemGroup>
</Project>